
Microsoft Visual Studio Solution File, Format Version 12.00
# Visual Studio 2012
Project("{FAE04EC0-301F-11D3-BF4B-00C04F79EFBC}") = "PracticumEmailer", "PracticumEmailer\PracticumEmailer.csproj", "{34FA075B-80F7-4E3E-9AC9-879267C15530}"
EndProject
Project("{FAE04EC0-301F-11D3-BF4B-00C04F79EFBC}") = "PracticumEmailer.Data", "PracticumEmailer.Data\PracticumEmailer.Data.csproj", "{CC8EC1A0-9DD0-444B-A399-DDB1E5986E45}"
EndProject
Project("{FAE04EC0-301F-11D3-BF4B-00C04F79EFBC}") = "PracticumEmailer.Service", "PracticumeEmailer.Service\PracticumEmailer.Service.csproj", "{15B3E0D2-6217-493A-A690-158C497F5318}"
EndProject
Project("{FAE04EC0-301F-11D3-BF4B-00C04F79EFBC}") = "PracticumEmailer.Business", "PracticumEmailer.Business\PracticumEmailer.Business.csproj", "{C2FCA97B-F8D5-49AE-A1A5-7AB3147471C2}"
EndProject
Project("{2150E333-8FDC-42A3-9474-1A3956D46DE8}") = "Unit Tests", "Unit Tests", "{C6B239F5-429C-46E4-ACF4-4A8077058674}"
EndProject
Project("{FAE04EC0-301F-11D3-BF4B-00C04F79EFBC}") = "PracticumEmailer.Data.Tests", "PracticumEmailer.Data.Tests\PracticumEmailer.Data.Tests.csproj", "{91B19B0E-BB4F-4A13-8AC2-479C12F91D77}"
EndProject
Project("{FAE04EC0-301F-11D3-BF4B-00C04F79EFBC}") = "SmithHtmlEditor", "..\SmithHtmlEditor\SmithHtmlEditor\SmithHtmlEditor\SmithHtmlEditor.csproj", "{84BADDA1-AB3A-4064-B87E-178D7446901D}"
EndProject
Global
	GlobalSection(SolutionConfigurationPlatforms) = preSolution
		Debug|Any CPU = Debug|Any CPU
		Debug|Mixed Platforms = Debug|Mixed Platforms
		Debug|x86 = Debug|x86
		Release|Any CPU = Release|Any CPU
		Release|Mixed Platforms = Release|Mixed Platforms
		Release|x86 = Release|x86
	EndGlobalSection
	GlobalSection(ProjectConfigurationPlatforms) = postSolution
		{34FA075B-80F7-4E3E-9AC9-879267C15530}.Debug|Any CPU.ActiveCfg = Debug|x86
		{34FA075B-80F7-4E3E-9AC9-879267C15530}.Debug|Mixed Platforms.ActiveCfg = Debug|x86
		{34FA075B-80F7-4E3E-9AC9-879267C15530}.Debug|Mixed Platforms.Build.0 = Debug|x86
		{34FA075B-80F7-4E3E-9AC9-879267C15530}.Debug|x86.ActiveCfg = Debug|x86
		{34FA075B-80F7-4E3E-9AC9-879267C15530}.Debug|x86.Build.0 = Debug|x86
		{34FA075B-80F7-4E3E-9AC9-879267C15530}.Release|Any CPU.ActiveCfg = Release|x86
		{34FA075B-80F7-4E3E-9AC9-879267C15530}.Release|Mixed Platforms.ActiveCfg = Release|x86
		{34FA075B-80F7-4E3E-9AC9-879267C15530}.Release|Mixed Platforms.Build.0 = Release|x86
		{34FA075B-80F7-4E3E-9AC9-879267C15530}.Release|x86.ActiveCfg = Release|x86
		{34FA075B-80F7-4E3E-9AC9-879267C15530}.Release|x86.Build.0 = Release|x86
		{CC8EC1A0-9DD0-444B-A399-DDB1E5986E45}.Debug|Any CPU.ActiveCfg = Debug|Any CPU
		{CC8EC1A0-9DD0-444B-A399-DDB1E5986E45}.Debug|Any CPU.Build.0 = Debug|Any CPU
		{CC8EC1A0-9DD0-444B-A399-DDB1E5986E45}.Debug|Mixed Platforms.ActiveCfg = Debug|Any CPU
		{CC8EC1A0-9DD0-444B-A399-DDB1E5986E45}.Debug|Mixed Platforms.Build.0 = Debug|Any CPU
		{CC8EC1A0-9DD0-444B-A399-DDB1E5986E45}.Debug|x86.ActiveCfg = Debug|Any CPU
		{CC8EC1A0-9DD0-444B-A399-DDB1E5986E45}.Release|Any CPU.ActiveCfg = Release|Any CPU
		{CC8EC1A0-9DD0-444B-A399-DDB1E5986E45}.Release|Any CPU.Build.0 = Release|Any CPU
		{CC8EC1A0-9DD0-444B-A399-DDB1E5986E45}.Release|Mixed Platforms.ActiveCfg = Release|Any CPU
		{CC8EC1A0-9DD0-444B-A399-DDB1E5986E45}.Release|Mixed Platforms.Build.0 = Release|Any CPU
		{CC8EC1A0-9DD0-444B-A399-DDB1E5986E45}.Release|x86.ActiveCfg = Release|Any CPU
		{15B3E0D2-6217-493A-A690-158C497F5318}.Debug|Any CPU.ActiveCfg = Debug|Any CPU
		{15B3E0D2-6217-493A-A690-158C497F5318}.Debug|Any CPU.Build.0 = Debug|Any CPU
		{15B3E0D2-6217-493A-A690-158C497F5318}.Debug|Mixed Platforms.ActiveCfg = Debug|Any CPU
		{15B3E0D2-6217-493A-A690-158C497F5318}.Debug|Mixed Platforms.Build.0 = Debug|Any CPU
		{15B3E0D2-6217-493A-A690-158C497F5318}.Debug|x86.ActiveCfg = Debug|Any CPU
		{15B3E0D2-6217-493A-A690-158C497F5318}.Release|Any CPU.ActiveCfg = Release|Any CPU
		{15B3E0D2-6217-493A-A690-158C497F5318}.Release|Any CPU.Build.0 = Release|Any CPU
		{15B3E0D2-6217-493A-A690-158C497F5318}.Release|Mixed Platforms.ActiveCfg = Release|Any CPU
		{15B3E0D2-6217-493A-A690-158C497F5318}.Release|Mixed Platforms.Build.0 = Release|Any CPU
		{15B3E0D2-6217-493A-A690-158C497F5318}.Release|x86.ActiveCfg = Release|Any CPU
		{C2FCA97B-F8D5-49AE-A1A5-7AB3147471C2}.Debug|Any CPU.ActiveCfg = Debug|Any CPU
		{C2FCA97B-F8D5-49AE-A1A5-7AB3147471C2}.Debug|Any CPU.Build.0 = Debug|Any CPU
		{C2FCA97B-F8D5-49AE-A1A5-7AB3147471C2}.Debug|Mixed Platforms.ActiveCfg = Debug|Any CPU
		{C2FCA97B-F8D5-49AE-A1A5-7AB3147471C2}.Debug|Mixed Platforms.Build.0 = Debug|Any CPU
		{C2FCA97B-F8D5-49AE-A1A5-7AB3147471C2}.Debug|x86.ActiveCfg = Debug|Any CPU
		{C2FCA97B-F8D5-49AE-A1A5-7AB3147471C2}.Release|Any CPU.ActiveCfg = Release|Any CPU
		{C2FCA97B-F8D5-49AE-A1A5-7AB3147471C2}.Release|Any CPU.Build.0 = Release|Any CPU
		{C2FCA97B-F8D5-49AE-A1A5-7AB3147471C2}.Release|Mixed Platforms.ActiveCfg = Release|Any CPU
		{C2FCA97B-F8D5-49AE-A1A5-7AB3147471C2}.Release|Mixed Platforms.Build.0 = Release|Any CPU
		{C2FCA97B-F8D5-49AE-A1A5-7AB3147471C2}.Release|x86.ActiveCfg = Release|Any CPU
		{91B19B0E-BB4F-4A13-8AC2-479C12F91D77}.Debug|Any CPU.ActiveCfg = Debug|Any CPU
		{91B19B0E-BB4F-4A13-8AC2-479C12F91D77}.Debug|Any CPU.Build.0 = Debug|Any CPU
		{91B19B0E-BB4F-4A13-8AC2-479C12F91D77}.Debug|Mixed Platforms.ActiveCfg = Debug|Any CPU
		{91B19B0E-BB4F-4A13-8AC2-479C12F91D77}.Debug|Mixed Platforms.Build.0 = Debug|Any CPU
		{91B19B0E-BB4F-4A13-8AC2-479C12F91D77}.Debug|x86.ActiveCfg = Debug|Any CPU
		{91B19B0E-BB4F-4A13-8AC2-479C12F91D77}.Release|Any CPU.ActiveCfg = Release|Any CPU
		{91B19B0E-BB4F-4A13-8AC2-479C12F91D77}.Release|Any CPU.Build.0 = Release|Any CPU
		{91B19B0E-BB4F-4A13-8AC2-479C12F91D77}.Release|Mixed Platforms.ActiveCfg = Release|Any CPU
		{91B19B0E-BB4F-4A13-8AC2-479C12F91D77}.Release|Mixed Platforms.Build.0 = Release|Any CPU
		{91B19B0E-BB4F-4A13-8AC2-479C12F91D77}.Release|x86.ActiveCfg = Release|Any CPU
		{84BADDA1-AB3A-4064-B87E-178D7446901D}.Debug|Any CPU.ActiveCfg = Debug|Any CPU
		{84BADDA1-AB3A-4064-B87E-178D7446901D}.Debug|Any CPU.Build.0 = Debug|Any CPU
		{84BADDA1-AB3A-4064-B87E-178D7446901D}.Debug|Mixed Platforms.ActiveCfg = Debug|Any CPU
		{84BADDA1-AB3A-4064-B87E-178D7446901D}.Debug|Mixed Platforms.Build.0 = Debug|Any CPU
		{84BADDA1-AB3A-4064-B87E-178D7446901D}.Debug|x86.ActiveCfg = Debug|Any CPU
		{84BADDA1-AB3A-4064-B87E-178D7446901D}.Release|Any CPU.ActiveCfg = Release|Any CPU
		{84BADDA1-AB3A-4064-B87E-178D7446901D}.Release|Any CPU.Build.0 = Release|Any CPU
		{84BADDA1-AB3A-4064-B87E-178D7446901D}.Release|Mixed Platforms.ActiveCfg = Release|Any CPU
		{84BADDA1-AB3A-4064-B87E-178D7446901D}.Release|Mixed Platforms.Build.0 = Release|Any CPU
		{84BADDA1-AB3A-4064-B87E-178D7446901D}.Release|x86.ActiveCfg = Release|Any CPU
	EndGlobalSection
	GlobalSection(SolutionProperties) = preSolution
		HideSolutionNode = FALSE
	EndGlobalSection
	GlobalSection(NestedProjects) = preSolution
		{91B19B0E-BB4F-4A13-8AC2-479C12F91D77} = {C6B239F5-429C-46E4-ACF4-4A8077058674}
	EndGlobalSection
EndGlobal
