
Microsoft Visual Studio Solution File, Format Version 12.00
# Visual Studio 2012
Project("{FAE04EC0-301F-11D3-BF4B-00C04F79EFBC}") = "PracticumEmailer", "PracticumEmailer\PracticumEmailer.csproj", "{34FA075B-80F7-4E3E-9AC9-879267C15530}"
EndProject
Project("{FAE04EC0-301F-11D3-BF4B-00C04F79EFBC}") = "PracticumEmailer.Data", "PracticumEmailer.Data\PracticumEmailer.Data.csproj", "{CC8EC1A0-9DD0-444B-A399-DDB1E5986E45}"
EndProject
Global
	GlobalSection(SolutionConfigurationPlatforms) = preSolution
		Debug|Any CPU = Debug|Any CPU
		Debug|Mixed Platforms = Debug|Mixed Platforms
		Debug|x86 = Debug|x86
		Release|Any CPU = Release|Any CPU
		Release|Mixed Platforms = Release|Mixed Platforms
		Release|x86 = Release|x86
	EndGlobalSection
	GlobalSection(ProjectConfigurationPlatforms) = postSolution
		{34FA075B-80F7-4E3E-9AC9-879267C15530}.Debug|Any CPU.ActiveCfg = Debug|x86
		{34FA075B-80F7-4E3E-9AC9-879267C15530}.Debug|Mixed Platforms.ActiveCfg = Debug|x86
		{34FA075B-80F7-4E3E-9AC9-879267C15530}.Debug|Mixed Platforms.Build.0 = Debug|x86
		{34FA075B-80F7-4E3E-9AC9-879267C15530}.Debug|x86.ActiveCfg = Debug|x86
		{34FA075B-80F7-4E3E-9AC9-879267C15530}.Debug|x86.Build.0 = Debug|x86
		{34FA075B-80F7-4E3E-9AC9-879267C15530}.Release|Any CPU.ActiveCfg = Release|x86
		{34FA075B-80F7-4E3E-9AC9-879267C15530}.Release|Mixed Platforms.ActiveCfg = Release|x86
		{34FA075B-80F7-4E3E-9AC9-879267C15530}.Release|Mixed Platforms.Build.0 = Release|x86
		{34FA075B-80F7-4E3E-9AC9-879267C15530}.Release|x86.ActiveCfg = Release|x86
		{34FA075B-80F7-4E3E-9AC9-879267C15530}.Release|x86.Build.0 = Release|x86
		{CC8EC1A0-9DD0-444B-A399-DDB1E5986E45}.Debug|Any CPU.ActiveCfg = Debug|Any CPU
		{CC8EC1A0-9DD0-444B-A399-DDB1E5986E45}.Debug|Any CPU.Build.0 = Debug|Any CPU
		{CC8EC1A0-9DD0-444B-A399-DDB1E5986E45}.Debug|Mixed Platforms.ActiveCfg = Debug|Any CPU
		{CC8EC1A0-9DD0-444B-A399-DDB1E5986E45}.Debug|Mixed Platforms.Build.0 = Debug|Any CPU
		{CC8EC1A0-9DD0-444B-A399-DDB1E5986E45}.Debug|x86.ActiveCfg = Debug|Any CPU
		{CC8EC1A0-9DD0-444B-A399-DDB1E5986E45}.Release|Any CPU.ActiveCfg = Release|Any CPU
		{CC8EC1A0-9DD0-444B-A399-DDB1E5986E45}.Release|Any CPU.Build.0 = Release|Any CPU
		{CC8EC1A0-9DD0-444B-A399-DDB1E5986E45}.Release|Mixed Platforms.ActiveCfg = Release|Any CPU
		{CC8EC1A0-9DD0-444B-A399-DDB1E5986E45}.Release|Mixed Platforms.Build.0 = Release|Any CPU
		{CC8EC1A0-9DD0-444B-A399-DDB1E5986E45}.Release|x86.ActiveCfg = Release|Any CPU
	EndGlobalSection
	GlobalSection(SolutionProperties) = preSolution
		HideSolutionNode = FALSE
	EndGlobalSection
EndGlobal
