
Microsoft Visual Studio Solution File, Format Version 12.00
# Visual Studio 2013
VisualStudioVersion = 12.0.30501.0
MinimumVisualStudioVersion = 10.0.40219.1
Project("{FAE04EC0-301F-11D3-BF4B-00C04F79EFBC}") = "PracticumEmailer", "PracticumEmailer\PracticumEmailer.csproj", "{34FA075B-80F7-4E3E-9AC9-879267C15530}"
EndProject
Project("{2150E333-8FDC-42A3-9474-1A3956D46DE8}") = "Unit Tests", "Unit Tests", "{C6B239F5-429C-46E4-ACF4-4A8077058674}"
EndProject
Project("{FAE04EC0-301F-11D3-BF4B-00C04F79EFBC}") = "SmithHtmlEditor", "..\SmithHtmlEditor\SmithHtmlEditor\SmithHtmlEditor\SmithHtmlEditor.csproj", "{84BADDA1-AB3A-4064-B87E-178D7446901D}"
EndProject
Project("{FAE04EC0-301F-11D3-BF4B-00C04F79EFBC}") = "PracticumEmailer.Domain", "PracticumEmailer.Domain\PracticumEmailer.Domain.csproj", "{449ECD49-53AE-4701-BED5-1A6084CEC177}"
EndProject
Project("{2150E333-8FDC-42A3-9474-1A3956D46DE8}") = ".nuget", ".nuget", "{1AD4675F-ED54-43AA-A2D8-C31264206745}"
	ProjectSection(SolutionItems) = preProject
		.nuget\NuGet.Config = .nuget\NuGet.Config
		.nuget\NuGet.exe = .nuget\NuGet.exe
		.nuget\NuGet.targets = .nuget\NuGet.targets
	EndProjectSection
EndProject
Project("{FAE04EC0-301F-11D3-BF4B-00C04F79EFBC}") = "PracticumEmailer.Interfaces", "PracticumEmailer.Interfaces\PracticumEmailer.Interfaces.csproj", "{405818F4-2A5C-41F0-876B-C690D37AA1F4}"
EndProject
Global
	GlobalSection(SolutionConfigurationPlatforms) = preSolution
		Debug|Any CPU = Debug|Any CPU
		Debug|Mixed Platforms = Debug|Mixed Platforms
		Debug|x86 = Debug|x86
		Release|Any CPU = Release|Any CPU
		Release|Mixed Platforms = Release|Mixed Platforms
		Release|x86 = Release|x86
	EndGlobalSection
	GlobalSection(ProjectConfigurationPlatforms) = postSolution
		{34FA075B-80F7-4E3E-9AC9-879267C15530}.Debug|Any CPU.ActiveCfg = Debug|x86
		{34FA075B-80F7-4E3E-9AC9-879267C15530}.Debug|Mixed Platforms.ActiveCfg = Debug|x86
		{34FA075B-80F7-4E3E-9AC9-879267C15530}.Debug|Mixed Platforms.Build.0 = Debug|x86
		{34FA075B-80F7-4E3E-9AC9-879267C15530}.Debug|x86.ActiveCfg = Debug|x86
		{34FA075B-80F7-4E3E-9AC9-879267C15530}.Debug|x86.Build.0 = Debug|x86
		{34FA075B-80F7-4E3E-9AC9-879267C15530}.Release|Any CPU.ActiveCfg = Release|x86
		{34FA075B-80F7-4E3E-9AC9-879267C15530}.Release|Mixed Platforms.ActiveCfg = Release|x86
		{34FA075B-80F7-4E3E-9AC9-879267C15530}.Release|Mixed Platforms.Build.0 = Release|x86
		{34FA075B-80F7-4E3E-9AC9-879267C15530}.Release|x86.ActiveCfg = Release|x86
		{34FA075B-80F7-4E3E-9AC9-879267C15530}.Release|x86.Build.0 = Release|x86
		{84BADDA1-AB3A-4064-B87E-178D7446901D}.Debug|Any CPU.ActiveCfg = Debug|Any CPU
		{84BADDA1-AB3A-4064-B87E-178D7446901D}.Debug|Any CPU.Build.0 = Debug|Any CPU
		{84BADDA1-AB3A-4064-B87E-178D7446901D}.Debug|Mixed Platforms.ActiveCfg = Debug|Any CPU
		{84BADDA1-AB3A-4064-B87E-178D7446901D}.Debug|Mixed Platforms.Build.0 = Debug|Any CPU
		{84BADDA1-AB3A-4064-B87E-178D7446901D}.Debug|x86.ActiveCfg = Debug|Any CPU
		{84BADDA1-AB3A-4064-B87E-178D7446901D}.Release|Any CPU.ActiveCfg = Release|Any CPU
		{84BADDA1-AB3A-4064-B87E-178D7446901D}.Release|Any CPU.Build.0 = Release|Any CPU
		{84BADDA1-AB3A-4064-B87E-178D7446901D}.Release|Mixed Platforms.ActiveCfg = Release|Any CPU
		{84BADDA1-AB3A-4064-B87E-178D7446901D}.Release|Mixed Platforms.Build.0 = Release|Any CPU
		{84BADDA1-AB3A-4064-B87E-178D7446901D}.Release|x86.ActiveCfg = Release|Any CPU
		{449ECD49-53AE-4701-BED5-1A6084CEC177}.Debug|Any CPU.ActiveCfg = Debug|Any CPU
		{449ECD49-53AE-4701-BED5-1A6084CEC177}.Debug|Any CPU.Build.0 = Debug|Any CPU
		{449ECD49-53AE-4701-BED5-1A6084CEC177}.Debug|Mixed Platforms.ActiveCfg = Debug|Any CPU
		{449ECD49-53AE-4701-BED5-1A6084CEC177}.Debug|Mixed Platforms.Build.0 = Debug|Any CPU
		{449ECD49-53AE-4701-BED5-1A6084CEC177}.Debug|x86.ActiveCfg = Debug|Any CPU
		{449ECD49-53AE-4701-BED5-1A6084CEC177}.Release|Any CPU.ActiveCfg = Release|Any CPU
		{449ECD49-53AE-4701-BED5-1A6084CEC177}.Release|Any CPU.Build.0 = Release|Any CPU
		{449ECD49-53AE-4701-BED5-1A6084CEC177}.Release|Mixed Platforms.ActiveCfg = Release|Any CPU
		{449ECD49-53AE-4701-BED5-1A6084CEC177}.Release|Mixed Platforms.Build.0 = Release|Any CPU
		{449ECD49-53AE-4701-BED5-1A6084CEC177}.Release|x86.ActiveCfg = Release|Any CPU
		{405818F4-2A5C-41F0-876B-C690D37AA1F4}.Debug|Any CPU.ActiveCfg = Debug|Any CPU
		{405818F4-2A5C-41F0-876B-C690D37AA1F4}.Debug|Any CPU.Build.0 = Debug|Any CPU
		{405818F4-2A5C-41F0-876B-C690D37AA1F4}.Debug|Mixed Platforms.ActiveCfg = Debug|Any CPU
		{405818F4-2A5C-41F0-876B-C690D37AA1F4}.Debug|Mixed Platforms.Build.0 = Debug|Any CPU
		{405818F4-2A5C-41F0-876B-C690D37AA1F4}.Debug|x86.ActiveCfg = Debug|Any CPU
		{405818F4-2A5C-41F0-876B-C690D37AA1F4}.Release|Any CPU.ActiveCfg = Release|Any CPU
		{405818F4-2A5C-41F0-876B-C690D37AA1F4}.Release|Any CPU.Build.0 = Release|Any CPU
		{405818F4-2A5C-41F0-876B-C690D37AA1F4}.Release|Mixed Platforms.ActiveCfg = Release|Any CPU
		{405818F4-2A5C-41F0-876B-C690D37AA1F4}.Release|Mixed Platforms.Build.0 = Release|Any CPU
		{405818F4-2A5C-41F0-876B-C690D37AA1F4}.Release|x86.ActiveCfg = Release|Any CPU
	EndGlobalSection
	GlobalSection(SolutionProperties) = preSolution
		HideSolutionNode = FALSE
	EndGlobalSection
EndGlobal
